<?xml version="1.0" encoding="UTF-8" standalone="yes" ?>
<CodeBlocks_project_file>
	<FileVersion major="1" minor="6" />
	<Project>
		<Option title="Skyscraper" />
		<Option compiler="gcc" />
		<Build>
			<Target title="default">
				<Option output="skyscraper" prefix_auto="1" extension_auto="1" />
				<Option type="0" />
				<Option compiler="gcc" />
			</Target>
		</Build>
		<Unit filename="../skyscraper.ico" />
		<Unit filename="../src/frontend/actionviewer.cpp" />
		<Unit filename="../src/frontend/actionviewer.h" />
		<Unit filename="../src/frontend/cameracontrol.cpp" />
		<Unit filename="../src/frontend/cameracontrol.h" />
		<Unit filename="../src/frontend/camtex.cpp" />
		<Unit filename="../src/frontend/camtex.h" />
		<Unit filename="../src/frontend/console.cpp" />
		<Unit filename="../src/frontend/console.h" />
		<Unit filename="../src/frontend/createobject.cpp" />
		<Unit filename="../src/frontend/createobject.h" />
		<Unit filename="../src/frontend/debugpanel.cpp" />
		<Unit filename="../src/frontend/debugpanel.h" />
		<Unit filename="../src/frontend/editelevator.cpp" />
		<Unit filename="../src/frontend/editelevator.h" />
		<Unit filename="../src/frontend/enginemanager.cpp" />
		<Unit filename="../src/frontend/enginemanager.h" />
		<Unit filename="../src/frontend/fileio.cpp" />
		<Unit filename="../src/frontend/fileio.h" />
		<Unit filename="../src/frontend/keydialog.cpp" />
		<Unit filename="../src/frontend/keydialog.h" />
		<Unit filename="../src/frontend/meshcontrol.cpp" />
		<Unit filename="../src/frontend/meshcontrol.h" />
		<Unit filename="../src/frontend/moveobject.cpp" />
		<Unit filename="../src/frontend/moveobject.h" />
		<Unit filename="../src/frontend/objectinfo.cpp" />
		<Unit filename="../src/frontend/objectinfo.h" />
		<Unit filename="../src/frontend/parameterviewer.cpp" />
		<Unit filename="../src/frontend/parameterviewer.h" />
		<Unit filename="../src/frontend/peoplemanager.cpp" />
		<Unit filename="../src/frontend/peoplemanager.h" />
		<Unit filename="../src/frontend/profilergui.cpp" />
		<Unit filename="../src/frontend/profilergui.h" />
		<Unit filename="../src/frontend/skycontrol.cpp" />
		<Unit filename="../src/frontend/skycontrol.h" />
		<Unit filename="../src/frontend/skyscraper.cpp" />
		<Unit filename="../src/frontend/skyscraper.h" />
		<Unit filename="../src/frontend/soundmanager.cpp" />
		<Unit filename="../src/frontend/soundmanager.h" />
		<Unit filename="../src/frontend/stackwalker.cpp" />
		<Unit filename="../src/frontend/stackwalker.h" />
		<Unit filename="../src/frontend/stats.cpp" />
		<Unit filename="../src/frontend/stats.h" />
		<Unit filename="../src/frontend/textwindow.cpp" />
		<Unit filename="../src/frontend/textwindow.h" />
		<Unit filename="../src/frontend/uexception.h" />
		<Unit filename="../src/frontend/wallcreator.cpp" />
		<Unit filename="../src/frontend/wallcreator.h" />
		<Unit filename="../src/gui/controllereditor.cpp" />
		<Unit filename="../src/gui/controllereditor.h" />
		<Unit filename="../src/gui/escalatorcontrol.cpp" />
		<Unit filename="../src/gui/escalatorcontrol.h" />
		<Unit filename="../src/gui/floorinfo.cpp" />
		<Unit filename="../src/gui/floorinfo.h" />
		<Unit filename="../src/gui/scriptdebug.cpp" />
		<Unit filename="../src/gui/scriptdebug.h" />
		<Unit filename="../src/gui/texturemanager.cpp" />
		<Unit filename="../src/gui/texturemanager.h" />
		<Unit filename="../src/gui/walkwaycontrol.cpp" />
		<Unit filename="../src/gui/walkwaycontrol.h" />
		<Unit filename="../src/sbs/action.cpp" />
		<Unit filename="../src/sbs/action.h" />
		<Unit filename="../src/sbs/buttonpanel.cpp" />
		<Unit filename="../src/sbs/buttonpanel.h" />
		<Unit filename="../src/sbs/callbutton.cpp" />
		<Unit filename="../src/sbs/callbutton.h" />
		<Unit filename="../src/sbs/camera.cpp" />
		<Unit filename="../src/sbs/camera.h" />
		<Unit filename="../src/sbs/cameratexture.cpp" />
		<Unit filename="../src/sbs/cameratexture.h" />
		<Unit filename="../src/sbs/control.cpp" />
		<Unit filename="../src/sbs/control.h" />
		<Unit filename="../src/sbs/directional.cpp" />
		<Unit filename="../src/sbs/directional.h" />
		<Unit filename="../src/sbs/door.cpp" />
		<Unit filename="../src/sbs/door.h" />
		<Unit filename="../src/sbs/elevator.cpp" />
		<Unit filename="../src/sbs/elevator.h" />
		<Unit filename="../src/sbs/elevatordoor.cpp" />
		<Unit filename="../src/sbs/elevatordoor.h" />
		<Unit filename="../src/sbs/escalator.cpp" />
		<Unit filename="../src/sbs/escalator.h" />
		<Unit filename="../src/sbs/floor.cpp" />
		<Unit filename="../src/sbs/floor.h" />
		<Unit filename="../src/sbs/floorindicator.cpp" />
		<Unit filename="../src/sbs/floorindicator.h" />
		<Unit filename="../src/sbs/globals.cpp" />
		<Unit filename="../src/sbs/globals.h" />
		<Unit filename="../src/sbs/light.cpp" />
		<Unit filename="../src/sbs/light.h" />
		<Unit filename="../src/sbs/mesh.cpp" />
		<Unit filename="../src/sbs/mesh.h" />
		<Unit filename="../src/sbs/model.cpp" />
		<Unit filename="../src/sbs/model.h" />
		<Unit filename="../src/sbs/object.cpp" />
		<Unit filename="../src/sbs/object.h" />
		<Unit filename="../src/sbs/polygon.cpp" />
		<Unit filename="../src/sbs/polygon.h" />
		<Unit filename="../src/sbs/profiler.cpp" />
		<Unit filename="../src/sbs/profiler.h" />
		<Unit filename="../src/sbs/random.cpp" />
		<Unit filename="../src/sbs/random.h" />
		<Unit filename="../src/sbs/sbs.cpp" />
		<Unit filename="../src/sbs/sbs.h" />
		<Unit filename="../src/sbs/shaft.cpp" />
		<Unit filename="../src/sbs/shaft.h" />
		<Unit filename="../src/sbs/sound.cpp" />
		<Unit filename="../src/sbs/sound.h" />
		<Unit filename="../src/sbs/stairs.cpp" />
		<Unit filename="../src/sbs/stairs.h" />
		<Unit filename="../src/sbs/texmap.cpp" />
		<Unit filename="../src/sbs/texture.cpp" />
		<Unit filename="../src/sbs/timer.cpp" />
		<Unit filename="../src/sbs/timer.h" />
		<Unit filename="../src/sbs/trigger.cpp" />
		<Unit filename="../src/sbs/trigger.h" />
		<Unit filename="../src/sbs/unix.cpp" />
		<Unit filename="../src/sbs/unix.h" />
		<Unit filename="../src/sbs/wall.cpp" />
		<Unit filename="../src/sbs/wall.h" />
		<Unit filename="wxsmith/CameraTextureControl.wxs" />
		<Unit filename="wxsmith/ControllerEditor1.wxs" />
		<Unit filename="wxsmith/EngineManager.wxs" />
		<Unit filename="wxsmith/EscalatorControl.wxs" />
		<Unit filename="wxsmith/FloorInfo.wxs" />
		<Unit filename="wxsmith/PeopleManager.wxs" />
		<Unit filename="wxsmith/ScriptDebug.wxs" />
		<Unit filename="wxsmith/SkyControl.wxs" />
		<Unit filename="wxsmith/SoundManager.wxs" />
		<Unit filename="wxsmith/TextureManager.wxs" />
		<Unit filename="wxsmith/WalkwayControl.wxs" />
		<Extensions>
			<wxsmith version="1">
				<gui name="wxWidgets" src="" main="" init_handlers="necessary" language="CPP" />
				<resources>
					<wxFrame wxs="wxsmith/DebugPanel.wxs" src="../src/gui/debugpanel.cpp" hdr="../src/gui/debugpanel.h" fwddecl="0" i18n="1" name="DebugPanel" language="CPP" />
					<wxDialog wxs="wxsmith/CameraControl.wxs" src="../src/gui/cameracontrol.cpp" hdr="../src/gui/cameracontrol.h" fwddecl="0" i18n="1" name="CameraControl" language="CPP" />
					<wxDialog wxs="wxsmith/editelevator.wxs" src="../src/gui/editelevator.cpp" hdr="../src/gui/editelevator.h" fwddecl="0" i18n="1" name="editelevator" language="CPP" />
					<wxDialog wxs="wxsmith/MeshControl.wxs" src="../src/gui/meshcontrol.cpp" hdr="../src/gui/meshcontrol.h" fwddecl="0" i18n="1" name="MeshControl" language="CPP" />
					<wxDialog wxs="wxsmith/KeyDialog.wxs" src="../src/gui/keydialog.cpp" hdr="../src/gui/keydialog.h" fwddecl="0" i18n="1" name="KeyDialog" language="CPP" />
					<wxDialog wxs="wxsmith/Stats.wxs" src="../src/gui/stats.cpp" hdr="../src/gui/stats.h" fwddecl="0" i18n="1" name="Stats" language="CPP" />
					<wxFrame wxs="wxsmith/Console.wxs" src="../src/gui/console.cpp" hdr="../src/gui/console.h" fwddecl="0" i18n="1" name="Console" language="CPP" />
					<wxDialog wxs="wxsmith/ObjectInfo.wxs" src="../src/gui/objectinfo.cpp" hdr="../src/gui/objectinfo.h" fwddecl="0" i18n="1" name="ObjectInfo" language="CPP" />
					<wxDialog wxs="wxsmith/TextWindow.wxs" src="../src/gui/textwindow.cpp" hdr="../src/gui/textwindow.h" fwddecl="0" i18n="1" name="TextWindow" language="CPP" />
					<wxDialog wxs="wxsmith/Profiler.wxs" src="../src/gui/profilergui.cpp" hdr="../src/gui/profilergui.h" fwddecl="0" i18n="1" name="Profiler" language="CPP" />
					<wxDialog wxs="wxsmith/CreateObject.wxs" src="../src/gui/createobject.cpp" hdr="../src/gui/createobject.h" fwddecl="0" i18n="1" name="CreateObject" language="CPP" />
					<wxDialog wxs="wxsmith/ParameterViewer.wxs" src="../src/gui/parameterviewer.cpp" hdr="../src/gui/parameterviewer.h" fwddecl="0" i18n="1" name="ParameterViewer" language="CPP" />
					<wxDialog wxs="wxsmith/ActionViewer.wxs" src="../src/gui/actionviewer.cpp" hdr="../src/gui/actionviewer.h" fwddecl="0" i18n="1" name="ActionViewer" language="CPP" />
					<wxDialog wxs="wxsmith/MoveObject.wxs" src="../src/gui/moveobject.cpp" hdr="../src/gui/moveobject.h" fwddecl="0" i18n="1" name="MoveObject" language="CPP" />
					<wxDialog wxs="wxsmith/SkyControl.wxs" src="../src/gui/skycontrol.cpp" hdr="../src/gui/skycontrol.h" fwddecl="0" i18n="1" name="SkyControl" language="CPP" />
					<wxDialog wxs="wxsmith/EngineManager.wxs" src="../src/gui/enginemanager.cpp" hdr="../src/gui/enginemanager.h" fwddecl="0" i18n="1" name="EngineManager" language="CPP" />
					<wxDialog wxs="wxsmith/PeopleManager.wxs" src="../src/gui/peoplemanager.cpp" hdr="../src/gui/peoplemanager.h" fwddecl="0" i18n="1" name="PeopleManager" language="CPP" />
					<wxDialog wxs="wxsmith/LoadDialog.wxs" src="../src/gui/loaddialog.cpp" hdr="../src/gui/loaddialog.h" fwddecl="0" i18n="1" name="LoadDialog" language="CPP" />
					<wxDialog wxs="wxsmith/CameraTextureControl.wxs" src="../src/gui/camtex.cpp" hdr="../src/gui/camtex.h" fwddecl="0" i18n="1" name="CameraTextureControl" language="CPP" />
					<wxDialog wxs="wxsmith/SoundManager.wxs" src="../src/gui/soundmanager.cpp" hdr="../src/gui/soundmanager.h" fwddecl="0" i18n="1" name="SoundManager" language="CPP" />
					<wxDialog wxs="wxsmith/TextureManager.wxs" src="../src/gui/texturemanager.cpp" hdr="../src/gui/texturemanager.h" fwddecl="0" i18n="1" name="TextureManager" language="CPP" />
					<wxDialog wxs="wxsmith/EscalatorControl.wxs" src="../src/gui/escalatorcontrol.cpp" hdr="../src/gui/escalatorcontrol.h" fwddecl="0" i18n="1" name="EscalatorControl" language="CPP" />
					<wxDialog wxs="wxsmith/WalkwayControl.wxs" src="../src/gui/walkwaycontrol.cpp" hdr="../src/gui/walkwaycontrol.h" fwddecl="0" i18n="1" name="WalkwayControl" language="CPP" />
					<wxDialog wxs="wxsmith/RevolvingDoorControl.wxs" src="../src/gui/revdoorcontrol.cpp" hdr="../src/gui/revdoorcontrol.h" fwddecl="0" i18n="1" name="RevolvingDoorControl" language="CPP" />
					<wxDialog wxs="wxsmith/ControllerEditor.wxs" src="../src/gui/controllereditor.cpp" hdr="../src/gui/controllereditor.h" fwddecl="0" i18n="1" name="ControllerEditor" language="CPP" />
					<wxDialog wxs="wxsmith/ScriptDebug.wxs" src="../src/gui/scriptdebug.cpp" hdr="../src/gui/scriptdebug.h" fwddecl="0" i18n="1" name="ScriptDebug" language="CPP" />
					<wxDialog wxs="wxsmith/FloorInfo.wxs" src="../src/gui/floorinfo.cpp" hdr="../src/gui/floorinfo.h" fwddecl="0" i18n="1" name="FloorInfo" language="CPP" />
					<wxDialog wxs="wxsmith/MoveEngine.wxs" src="../src/gui/moveengine.cpp" hdr="../src/gui/moveengine.h" fwddecl="0" i18n="1" name="MoveEngine" language="CPP" />
				</resources>
			</wxsmith>
		</Extensions>
	</Project>
</CodeBlocks_project_file>
