Microsoft Visual Studio Solution File, Format Version 9.00
# Visual C++ Express 2005
Project("{8BC9CEB8-8B4A-11D0-8D11-00A0C91BC942}") = "OgreBulletCollisions", "OgreBulletCollisions.vcproj", "{791F594F-FF44-49D1-A882-FF4DB0DCD92A}"
EndProject
Project("{8BC9CEB8-8B4A-11D0-8D11-00A0C91BC942}") = "OgreBulletDynamics", "OgreBulletDynamics.vcproj", "{022634CE-F06A-4F71-AA07-3CE7BB1841AE}"
EndProject
Global
	GlobalSection(SolutionConfigurationPlatforms) = preSolution
		Debug|Win32 = Debug|Win32
		Release|Win32 = Release|Win32
	EndGlobalSection
	GlobalSection(ProjectConfigurationPlatforms) = postSolution
		{791F594F-FF44-49D1-A882-FF4DB0DCD92A}.Debug|Win32.ActiveCfg = Debug|Win32
		{791F594F-FF44-49D1-A882-FF4DB0DCD92A}.Debug|Win32.Build.0 = Debug|Win32
		{791F594F-FF44-49D1-A882-FF4DB0DCD92A}.Release|Win32.ActiveCfg = Release|Win32
		{791F594F-FF44-49D1-A882-FF4DB0DCD92A}.Release|Win32.Build.0 = Release|Win32
		{022634CE-F06A-4F71-AA07-3CE7BB1841AE}.Debug|Win32.ActiveCfg = Debug|Win32
		{022634CE-F06A-4F71-AA07-3CE7BB1841AE}.Debug|Win32.Build.0 = Debug|Win32
		{022634CE-F06A-4F71-AA07-3CE7BB1841AE}.Release|Win32.ActiveCfg = Release|Win32
		{022634CE-F06A-4F71-AA07-3CE7BB1841AE}.Release|Win32.Build.0 = Release|Win32
	EndGlobalSection
	GlobalSection(SolutionProperties) = preSolution
		HideSolutionNode = FALSE
	EndGlobalSection
EndGlobal
